
Microsoft Visual Studio Solution File, Format Version 12.00
# Visual Studio Version 17
VisualStudioVersion = 17.1.32407.343
MinimumVisualStudioVersion = 10.0.40219.1
Project("{9A19103F-16F7-4668-BE54-9A1E7A4F7556}") = "Evolent.Project.Models", "Evolent.Project.Models\Evolent.Project.Models.csproj", "{5A894492-65E2-46B0-838C-AFBD7D5857AE}"
EndProject
Project("{9A19103F-16F7-4668-BE54-9A1E7A4F7556}") = "Evolent.Project.DataAccess", "Evolent.Project.DataAccess\Evolent.Project.DataAccess.csproj", "{78C688D5-27B0-4BC5-8746-C429E8F82F7A}"
EndProject
Project("{9A19103F-16F7-4668-BE54-9A1E7A4F7556}") = "Evolent.Project.Tests", "Evolent.Project.Tests\Evolent.Project.Tests.csproj", "{BF1AF495-92C0-44A8-8C89-9FACB8B4CD3D}"
EndProject
Project("{9A19103F-16F7-4668-BE54-9A1E7A4F7556}") = "Evolent.Project.Managers", "Evolent.Project.Managers\Evolent.Project.Managers.csproj", "{278F02F4-4992-4D9A-A0FD-0BB1CA4D0765}"
EndProject
Project("{9A19103F-16F7-4668-BE54-9A1E7A4F7556}") = "Evolent.Project.Api", "Evolent.Project.Api\Evolent.Project.Api.csproj", "{8A39696D-6CC8-4209-97CD-0E533F2C4CEA}"
EndProject
Global
	GlobalSection(SolutionConfigurationPlatforms) = preSolution
		Debug|Any CPU = Debug|Any CPU
		Release|Any CPU = Release|Any CPU
	EndGlobalSection
	GlobalSection(ProjectConfigurationPlatforms) = postSolution
		{5A894492-65E2-46B0-838C-AFBD7D5857AE}.Debug|Any CPU.ActiveCfg = Debug|Any CPU
		{5A894492-65E2-46B0-838C-AFBD7D5857AE}.Debug|Any CPU.Build.0 = Debug|Any CPU
		{5A894492-65E2-46B0-838C-AFBD7D5857AE}.Release|Any CPU.ActiveCfg = Release|Any CPU
		{5A894492-65E2-46B0-838C-AFBD7D5857AE}.Release|Any CPU.Build.0 = Release|Any CPU
		{78C688D5-27B0-4BC5-8746-C429E8F82F7A}.Debug|Any CPU.ActiveCfg = Debug|Any CPU
		{78C688D5-27B0-4BC5-8746-C429E8F82F7A}.Debug|Any CPU.Build.0 = Debug|Any CPU
		{78C688D5-27B0-4BC5-8746-C429E8F82F7A}.Release|Any CPU.ActiveCfg = Release|Any CPU
		{78C688D5-27B0-4BC5-8746-C429E8F82F7A}.Release|Any CPU.Build.0 = Release|Any CPU
		{BF1AF495-92C0-44A8-8C89-9FACB8B4CD3D}.Debug|Any CPU.ActiveCfg = Debug|Any CPU
		{BF1AF495-92C0-44A8-8C89-9FACB8B4CD3D}.Debug|Any CPU.Build.0 = Debug|Any CPU
		{BF1AF495-92C0-44A8-8C89-9FACB8B4CD3D}.Release|Any CPU.ActiveCfg = Release|Any CPU
		{BF1AF495-92C0-44A8-8C89-9FACB8B4CD3D}.Release|Any CPU.Build.0 = Release|Any CPU
		{278F02F4-4992-4D9A-A0FD-0BB1CA4D0765}.Debug|Any CPU.ActiveCfg = Debug|Any CPU
		{278F02F4-4992-4D9A-A0FD-0BB1CA4D0765}.Debug|Any CPU.Build.0 = Debug|Any CPU
		{278F02F4-4992-4D9A-A0FD-0BB1CA4D0765}.Release|Any CPU.ActiveCfg = Release|Any CPU
		{278F02F4-4992-4D9A-A0FD-0BB1CA4D0765}.Release|Any CPU.Build.0 = Release|Any CPU
		{8A39696D-6CC8-4209-97CD-0E533F2C4CEA}.Debug|Any CPU.ActiveCfg = Debug|Any CPU
		{8A39696D-6CC8-4209-97CD-0E533F2C4CEA}.Debug|Any CPU.Build.0 = Debug|Any CPU
		{8A39696D-6CC8-4209-97CD-0E533F2C4CEA}.Release|Any CPU.ActiveCfg = Release|Any CPU
		{8A39696D-6CC8-4209-97CD-0E533F2C4CEA}.Release|Any CPU.Build.0 = Release|Any CPU
	EndGlobalSection
	GlobalSection(SolutionProperties) = preSolution
		HideSolutionNode = FALSE
	EndGlobalSection
	GlobalSection(ExtensibilityGlobals) = postSolution
		SolutionGuid = {6AB1D83D-2498-4308-A7BE-612DD7BC538F}
	EndGlobalSection
EndGlobal
